
Microsoft Visual Studio Solution File, Format Version 12.00
# Visual Studio Version 17
VisualStudioVersion = 17.0.31903.59
MinimumVisualStudioVersion = 10.0.40219.1
Project("{F2A71F9B-5D33-465A-A702-920D77279786}") = "Data", "Data\Data.fsproj", "{112B835B-CA6C-4718-AD8D-193B439C0A1B}"
EndProject
Project("{F2A71F9B-5D33-465A-A702-920D77279786}") = "CachingApiServer", "CachingApiServer\CachingApiServer.fsproj", "{6749222D-050C-434A-BDB4-8A47EA32038D}"
EndProject
Global
	GlobalSection(SolutionConfigurationPlatforms) = preSolution
		Debug|Any CPU = Debug|Any CPU
		Release|Any CPU = Release|Any CPU
	EndGlobalSection
	GlobalSection(SolutionProperties) = preSolution
		HideSolutionNode = FALSE
	EndGlobalSection
	GlobalSection(ProjectConfigurationPlatforms) = postSolution
		{112B835B-CA6C-4718-AD8D-193B439C0A1B}.Debug|Any CPU.ActiveCfg = Debug|Any CPU
		{112B835B-CA6C-4718-AD8D-193B439C0A1B}.Debug|Any CPU.Build.0 = Debug|Any CPU
		{112B835B-CA6C-4718-AD8D-193B439C0A1B}.Release|Any CPU.ActiveCfg = Release|Any CPU
		{112B835B-CA6C-4718-AD8D-193B439C0A1B}.Release|Any CPU.Build.0 = Release|Any CPU
		{6749222D-050C-434A-BDB4-8A47EA32038D}.Debug|Any CPU.ActiveCfg = Debug|Any CPU
		{6749222D-050C-434A-BDB4-8A47EA32038D}.Debug|Any CPU.Build.0 = Debug|Any CPU
		{6749222D-050C-434A-BDB4-8A47EA32038D}.Release|Any CPU.ActiveCfg = Release|Any CPU
		{6749222D-050C-434A-BDB4-8A47EA32038D}.Release|Any CPU.Build.0 = Release|Any CPU
	EndGlobalSection
EndGlobal
